
Microsoft Visual Studio Solution File, Format Version 12.00
# Visual Studio Version 17
Project("{2150E333-8FDC-42A3-9474-1A3956D46DE8}") = "CMakePredefinedTargets", "CMakePredefinedTargets", "{A9025763-E9F4-3041-9032-009A8E1DA74E}"
EndProject
Project("{2150E333-8FDC-42A3-9474-1A3956D46DE8}") = "External", "External", "{FAE8DFAF-34BB-352F-84EF-F1CCDA99F010}"
EndProject
Project("{2150E333-8FDC-42A3-9474-1A3956D46DE8}") = "Internal", "Internal", "{D918BB89-E73D-3587-ADB1-94B3E11DEBE3}"
EndProject
Project("{2150E333-8FDC-42A3-9474-1A3956D46DE8}") = "Utils", "Utils", "{45D34D23-3C62-3487-AF20-B4E9863DF35D}"
EndProject
Project("{8BC9CEB8-8B4A-11D0-8D11-00A0C91BC942}") = "ALL_BUILD", "ALL_BUILD.vcxproj", "{4354C19D-DAF4-3ECE-8BE0-D22BA79DB9D2}"
	ProjectSection(ProjectDependencies) = postProject
		{EEE140A9-416D-3CFA-9D99-2C2ED60D13B5} = {EEE140A9-416D-3CFA-9D99-2C2ED60D13B5}
		{45571BF7-C494-3BED-ADB8-1AB78697C705} = {45571BF7-C494-3BED-ADB8-1AB78697C705}
		{55B6A26D-896F-3A16-A48C-3927885CA71C} = {55B6A26D-896F-3A16-A48C-3927885CA71C}
		{4E657552-DCBD-3F45-BE26-2EB5406454B1} = {4E657552-DCBD-3F45-BE26-2EB5406454B1}
		{9C4C1B30-53E5-3A00-8ED8-1533A5902D94} = {9C4C1B30-53E5-3A00-8ED8-1533A5902D94}
		{790B187F-F46D-37C5-8B97-4CBC96E8A51C} = {790B187F-F46D-37C5-8B97-4CBC96E8A51C}
		{5D35E48F-4379-33B0-8E7E-D994DCDE6398} = {5D35E48F-4379-33B0-8E7E-D994DCDE6398}
		{CC91A3CE-B59B-3581-862B-43BD10C1FE77} = {CC91A3CE-B59B-3581-862B-43BD10C1FE77}
		{5D91CB7F-14F9-3D5C-A0D2-B6C6899F48A1} = {5D91CB7F-14F9-3D5C-A0D2-B6C6899F48A1}
		{067A8F61-9F41-36DF-B4C6-38EDE2BBEB5B} = {067A8F61-9F41-36DF-B4C6-38EDE2BBEB5B}
		{4F05A34D-AA39-3BFD-810B-60810E480223} = {4F05A34D-AA39-3BFD-810B-60810E480223}
		{39FCCCC5-92A7-33C1-A64B-C80747673042} = {39FCCCC5-92A7-33C1-A64B-C80747673042}
		{E865EA9F-AB08-37C3-A740-F4173EB849E2} = {E865EA9F-AB08-37C3-A740-F4173EB849E2}
		{FA0F4668-2713-322E-8421-A4086E818101} = {FA0F4668-2713-322E-8421-A4086E818101}
		{4A0B1455-BA24-35D8-A5A5-277E0DBB34F4} = {4A0B1455-BA24-35D8-A5A5-277E0DBB34F4}
	EndProjectSection
EndProject
Project("{8BC9CEB8-8B4A-11D0-8D11-00A0C91BC942}") = "MyGame", "MyGame.vcxproj", "{EEE140A9-416D-3CFA-9D99-2C2ED60D13B5}"
	ProjectSection(ProjectDependencies) = postProject
		{45571BF7-C494-3BED-ADB8-1AB78697C705} = {45571BF7-C494-3BED-ADB8-1AB78697C705}
		{55B6A26D-896F-3A16-A48C-3927885CA71C} = {55B6A26D-896F-3A16-A48C-3927885CA71C}
		{4E657552-DCBD-3F45-BE26-2EB5406454B1} = {4E657552-DCBD-3F45-BE26-2EB5406454B1}
		{9C4C1B30-53E5-3A00-8ED8-1533A5902D94} = {9C4C1B30-53E5-3A00-8ED8-1533A5902D94}
		{790B187F-F46D-37C5-8B97-4CBC96E8A51C} = {790B187F-F46D-37C5-8B97-4CBC96E8A51C}
		{5D35E48F-4379-33B0-8E7E-D994DCDE6398} = {5D35E48F-4379-33B0-8E7E-D994DCDE6398}
		{CC91A3CE-B59B-3581-862B-43BD10C1FE77} = {CC91A3CE-B59B-3581-862B-43BD10C1FE77}
		{5D91CB7F-14F9-3D5C-A0D2-B6C6899F48A1} = {5D91CB7F-14F9-3D5C-A0D2-B6C6899F48A1}
		{067A8F61-9F41-36DF-B4C6-38EDE2BBEB5B} = {067A8F61-9F41-36DF-B4C6-38EDE2BBEB5B}
		{4F05A34D-AA39-3BFD-810B-60810E480223} = {4F05A34D-AA39-3BFD-810B-60810E480223}
		{39FCCCC5-92A7-33C1-A64B-C80747673042} = {39FCCCC5-92A7-33C1-A64B-C80747673042}
		{E865EA9F-AB08-37C3-A740-F4173EB849E2} = {E865EA9F-AB08-37C3-A740-F4173EB849E2}
		{FA0F4668-2713-322E-8421-A4086E818101} = {FA0F4668-2713-322E-8421-A4086E818101}
		{4A0B1455-BA24-35D8-A5A5-277E0DBB34F4} = {4A0B1455-BA24-35D8-A5A5-277E0DBB34F4}
	EndProjectSection
EndProject
Project("{8BC9CEB8-8B4A-11D0-8D11-00A0C91BC942}") = "SYNC_RESOURCE-MyGame", "SYNC_RESOURCE-MyGame.vcxproj", "{45571BF7-C494-3BED-ADB8-1AB78697C705}"
	ProjectSection(ProjectDependencies) = postProject
		{55B6A26D-896F-3A16-A48C-3927885CA71C} = {55B6A26D-896F-3A16-A48C-3927885CA71C}
	EndProjectSection
EndProject
Project("{8BC9CEB8-8B4A-11D0-8D11-00A0C91BC942}") = "ZERO_CHECK", "ZERO_CHECK.vcxproj", "{55B6A26D-896F-3A16-A48C-3927885CA71C}"
	ProjectSection(ProjectDependencies) = postProject
	EndProjectSection
EndProject
Project("{8BC9CEB8-8B4A-11D0-8D11-00A0C91BC942}") = "cocos2d", "engine\cocos\core\cocos2d.vcxproj", "{4E657552-DCBD-3F45-BE26-2EB5406454B1}"
	ProjectSection(ProjectDependencies) = postProject
		{55B6A26D-896F-3A16-A48C-3927885CA71C} = {55B6A26D-896F-3A16-A48C-3927885CA71C}
		{9C4C1B30-53E5-3A00-8ED8-1533A5902D94} = {9C4C1B30-53E5-3A00-8ED8-1533A5902D94}
		{790B187F-F46D-37C5-8B97-4CBC96E8A51C} = {790B187F-F46D-37C5-8B97-4CBC96E8A51C}
		{5D35E48F-4379-33B0-8E7E-D994DCDE6398} = {5D35E48F-4379-33B0-8E7E-D994DCDE6398}
		{CC91A3CE-B59B-3581-862B-43BD10C1FE77} = {CC91A3CE-B59B-3581-862B-43BD10C1FE77}
		{5D91CB7F-14F9-3D5C-A0D2-B6C6899F48A1} = {5D91CB7F-14F9-3D5C-A0D2-B6C6899F48A1}
		{067A8F61-9F41-36DF-B4C6-38EDE2BBEB5B} = {067A8F61-9F41-36DF-B4C6-38EDE2BBEB5B}
		{4F05A34D-AA39-3BFD-810B-60810E480223} = {4F05A34D-AA39-3BFD-810B-60810E480223}
		{39FCCCC5-92A7-33C1-A64B-C80747673042} = {39FCCCC5-92A7-33C1-A64B-C80747673042}
		{E865EA9F-AB08-37C3-A740-F4173EB849E2} = {E865EA9F-AB08-37C3-A740-F4173EB849E2}
		{FA0F4668-2713-322E-8421-A4086E818101} = {FA0F4668-2713-322E-8421-A4086E818101}
		{4A0B1455-BA24-35D8-A5A5-277E0DBB34F4} = {4A0B1455-BA24-35D8-A5A5-277E0DBB34F4}
	EndProjectSection
EndProject
Project("{8BC9CEB8-8B4A-11D0-8D11-00A0C91BC942}") = "ext_clipper", "engine\external\clipper\ext_clipper.vcxproj", "{9C4C1B30-53E5-3A00-8ED8-1533A5902D94}"
	ProjectSection(ProjectDependencies) = postProject
		{55B6A26D-896F-3A16-A48C-3927885CA71C} = {55B6A26D-896F-3A16-A48C-3927885CA71C}
	EndProjectSection
EndProject
Project("{8BC9CEB8-8B4A-11D0-8D11-00A0C91BC942}") = "ext_convertUTF", "engine\external\ConvertUTF\ext_convertUTF.vcxproj", "{790B187F-F46D-37C5-8B97-4CBC96E8A51C}"
	ProjectSection(ProjectDependencies) = postProject
		{55B6A26D-896F-3A16-A48C-3927885CA71C} = {55B6A26D-896F-3A16-A48C-3927885CA71C}
	EndProjectSection
EndProject
Project("{8BC9CEB8-8B4A-11D0-8D11-00A0C91BC942}") = "ext_edtaa3func", "engine\external\edtaa3func\ext_edtaa3func.vcxproj", "{5D35E48F-4379-33B0-8E7E-D994DCDE6398}"
	ProjectSection(ProjectDependencies) = postProject
		{55B6A26D-896F-3A16-A48C-3927885CA71C} = {55B6A26D-896F-3A16-A48C-3927885CA71C}
	EndProjectSection
EndProject
Project("{8BC9CEB8-8B4A-11D0-8D11-00A0C91BC942}") = "ext_md5", "engine\external\md5\ext_md5.vcxproj", "{CC91A3CE-B59B-3581-862B-43BD10C1FE77}"
	ProjectSection(ProjectDependencies) = postProject
		{55B6A26D-896F-3A16-A48C-3927885CA71C} = {55B6A26D-896F-3A16-A48C-3927885CA71C}
	EndProjectSection
EndProject
Project("{8BC9CEB8-8B4A-11D0-8D11-00A0C91BC942}") = "ext_poly2tri", "engine\external\poly2tri\ext_poly2tri.vcxproj", "{5D91CB7F-14F9-3D5C-A0D2-B6C6899F48A1}"
	ProjectSection(ProjectDependencies) = postProject
		{55B6A26D-896F-3A16-A48C-3927885CA71C} = {55B6A26D-896F-3A16-A48C-3927885CA71C}
	EndProjectSection
EndProject
Project("{8BC9CEB8-8B4A-11D0-8D11-00A0C91BC942}") = "ext_recast", "engine\external\recast\ext_recast.vcxproj", "{067A8F61-9F41-36DF-B4C6-38EDE2BBEB5B}"
	ProjectSection(ProjectDependencies) = postProject
		{55B6A26D-896F-3A16-A48C-3927885CA71C} = {55B6A26D-896F-3A16-A48C-3927885CA71C}
	EndProjectSection
EndProject
Project("{8BC9CEB8-8B4A-11D0-8D11-00A0C91BC942}") = "ext_tinyxml2", "engine\external\tinyxml2\ext_tinyxml2.vcxproj", "{4F05A34D-AA39-3BFD-810B-60810E480223}"
	ProjectSection(ProjectDependencies) = postProject
		{55B6A26D-896F-3A16-A48C-3927885CA71C} = {55B6A26D-896F-3A16-A48C-3927885CA71C}
	EndProjectSection
EndProject
Project("{8BC9CEB8-8B4A-11D0-8D11-00A0C91BC942}") = "ext_unzip", "engine\external\unzip\ext_unzip.vcxproj", "{39FCCCC5-92A7-33C1-A64B-C80747673042}"
	ProjectSection(ProjectDependencies) = postProject
		{55B6A26D-896F-3A16-A48C-3927885CA71C} = {55B6A26D-896F-3A16-A48C-3927885CA71C}
	EndProjectSection
EndProject
Project("{8BC9CEB8-8B4A-11D0-8D11-00A0C91BC942}") = "ext_xxhash", "engine\external\xxhash\ext_xxhash.vcxproj", "{E865EA9F-AB08-37C3-A740-F4173EB849E2}"
	ProjectSection(ProjectDependencies) = postProject
		{55B6A26D-896F-3A16-A48C-3927885CA71C} = {55B6A26D-896F-3A16-A48C-3927885CA71C}
	EndProjectSection
EndProject
Project("{8BC9CEB8-8B4A-11D0-8D11-00A0C91BC942}") = "ext_xxtea", "engine\external\xxtea\ext_xxtea.vcxproj", "{FA0F4668-2713-322E-8421-A4086E818101}"
	ProjectSection(ProjectDependencies) = postProject
		{55B6A26D-896F-3A16-A48C-3927885CA71C} = {55B6A26D-896F-3A16-A48C-3927885CA71C}
	EndProjectSection
EndProject
Project("{8BC9CEB8-8B4A-11D0-8D11-00A0C91BC942}") = "external", "engine\external\external.vcxproj", "{4A0B1455-BA24-35D8-A5A5-277E0DBB34F4}"
	ProjectSection(ProjectDependencies) = postProject
		{55B6A26D-896F-3A16-A48C-3927885CA71C} = {55B6A26D-896F-3A16-A48C-3927885CA71C}
		{9C4C1B30-53E5-3A00-8ED8-1533A5902D94} = {9C4C1B30-53E5-3A00-8ED8-1533A5902D94}
		{790B187F-F46D-37C5-8B97-4CBC96E8A51C} = {790B187F-F46D-37C5-8B97-4CBC96E8A51C}
		{5D35E48F-4379-33B0-8E7E-D994DCDE6398} = {5D35E48F-4379-33B0-8E7E-D994DCDE6398}
		{CC91A3CE-B59B-3581-862B-43BD10C1FE77} = {CC91A3CE-B59B-3581-862B-43BD10C1FE77}
		{5D91CB7F-14F9-3D5C-A0D2-B6C6899F48A1} = {5D91CB7F-14F9-3D5C-A0D2-B6C6899F48A1}
		{067A8F61-9F41-36DF-B4C6-38EDE2BBEB5B} = {067A8F61-9F41-36DF-B4C6-38EDE2BBEB5B}
		{4F05A34D-AA39-3BFD-810B-60810E480223} = {4F05A34D-AA39-3BFD-810B-60810E480223}
		{39FCCCC5-92A7-33C1-A64B-C80747673042} = {39FCCCC5-92A7-33C1-A64B-C80747673042}
		{E865EA9F-AB08-37C3-A740-F4173EB849E2} = {E865EA9F-AB08-37C3-A740-F4173EB849E2}
		{FA0F4668-2713-322E-8421-A4086E818101} = {FA0F4668-2713-322E-8421-A4086E818101}
	EndProjectSection
EndProject
Global
	GlobalSection(SolutionConfigurationPlatforms) = preSolution
		Debug|x64 = Debug|x64
		Release|x64 = Release|x64
		MinSizeRel|x64 = MinSizeRel|x64
		RelWithDebInfo|x64 = RelWithDebInfo|x64
	EndGlobalSection
	GlobalSection(ProjectConfigurationPlatforms) = postSolution
		{4354C19D-DAF4-3ECE-8BE0-D22BA79DB9D2}.Debug|x64.ActiveCfg = Debug|x64
		{4354C19D-DAF4-3ECE-8BE0-D22BA79DB9D2}.Release|x64.ActiveCfg = Release|x64
		{4354C19D-DAF4-3ECE-8BE0-D22BA79DB9D2}.MinSizeRel|x64.ActiveCfg = MinSizeRel|x64
		{4354C19D-DAF4-3ECE-8BE0-D22BA79DB9D2}.RelWithDebInfo|x64.ActiveCfg = RelWithDebInfo|x64
		{EEE140A9-416D-3CFA-9D99-2C2ED60D13B5}.Debug|x64.ActiveCfg = Debug|x64
		{EEE140A9-416D-3CFA-9D99-2C2ED60D13B5}.Debug|x64.Build.0 = Debug|x64
		{EEE140A9-416D-3CFA-9D99-2C2ED60D13B5}.Release|x64.ActiveCfg = Release|x64
		{EEE140A9-416D-3CFA-9D99-2C2ED60D13B5}.Release|x64.Build.0 = Release|x64
		{EEE140A9-416D-3CFA-9D99-2C2ED60D13B5}.MinSizeRel|x64.ActiveCfg = MinSizeRel|x64
		{EEE140A9-416D-3CFA-9D99-2C2ED60D13B5}.MinSizeRel|x64.Build.0 = MinSizeRel|x64
		{EEE140A9-416D-3CFA-9D99-2C2ED60D13B5}.RelWithDebInfo|x64.ActiveCfg = RelWithDebInfo|x64
		{EEE140A9-416D-3CFA-9D99-2C2ED60D13B5}.RelWithDebInfo|x64.Build.0 = RelWithDebInfo|x64
		{45571BF7-C494-3BED-ADB8-1AB78697C705}.Debug|x64.ActiveCfg = Debug|x64
		{45571BF7-C494-3BED-ADB8-1AB78697C705}.Debug|x64.Build.0 = Debug|x64
		{45571BF7-C494-3BED-ADB8-1AB78697C705}.Release|x64.ActiveCfg = Release|x64
		{45571BF7-C494-3BED-ADB8-1AB78697C705}.Release|x64.Build.0 = Release|x64
		{45571BF7-C494-3BED-ADB8-1AB78697C705}.MinSizeRel|x64.ActiveCfg = MinSizeRel|x64
		{45571BF7-C494-3BED-ADB8-1AB78697C705}.MinSizeRel|x64.Build.0 = MinSizeRel|x64
		{45571BF7-C494-3BED-ADB8-1AB78697C705}.RelWithDebInfo|x64.ActiveCfg = RelWithDebInfo|x64
		{45571BF7-C494-3BED-ADB8-1AB78697C705}.RelWithDebInfo|x64.Build.0 = RelWithDebInfo|x64
		{55B6A26D-896F-3A16-A48C-3927885CA71C}.Debug|x64.ActiveCfg = Debug|x64
		{55B6A26D-896F-3A16-A48C-3927885CA71C}.Debug|x64.Build.0 = Debug|x64
		{55B6A26D-896F-3A16-A48C-3927885CA71C}.Release|x64.ActiveCfg = Release|x64
		{55B6A26D-896F-3A16-A48C-3927885CA71C}.Release|x64.Build.0 = Release|x64
		{55B6A26D-896F-3A16-A48C-3927885CA71C}.MinSizeRel|x64.ActiveCfg = MinSizeRel|x64
		{55B6A26D-896F-3A16-A48C-3927885CA71C}.MinSizeRel|x64.Build.0 = MinSizeRel|x64
		{55B6A26D-896F-3A16-A48C-3927885CA71C}.RelWithDebInfo|x64.ActiveCfg = RelWithDebInfo|x64
		{55B6A26D-896F-3A16-A48C-3927885CA71C}.RelWithDebInfo|x64.Build.0 = RelWithDebInfo|x64
		{4E657552-DCBD-3F45-BE26-2EB5406454B1}.Debug|x64.ActiveCfg = Debug|x64
		{4E657552-DCBD-3F45-BE26-2EB5406454B1}.Debug|x64.Build.0 = Debug|x64
		{4E657552-DCBD-3F45-BE26-2EB5406454B1}.Release|x64.ActiveCfg = Release|x64
		{4E657552-DCBD-3F45-BE26-2EB5406454B1}.Release|x64.Build.0 = Release|x64
		{4E657552-DCBD-3F45-BE26-2EB5406454B1}.MinSizeRel|x64.ActiveCfg = MinSizeRel|x64
		{4E657552-DCBD-3F45-BE26-2EB5406454B1}.MinSizeRel|x64.Build.0 = MinSizeRel|x64
		{4E657552-DCBD-3F45-BE26-2EB5406454B1}.RelWithDebInfo|x64.ActiveCfg = RelWithDebInfo|x64
		{4E657552-DCBD-3F45-BE26-2EB5406454B1}.RelWithDebInfo|x64.Build.0 = RelWithDebInfo|x64
		{9C4C1B30-53E5-3A00-8ED8-1533A5902D94}.Debug|x64.ActiveCfg = Debug|x64
		{9C4C1B30-53E5-3A00-8ED8-1533A5902D94}.Debug|x64.Build.0 = Debug|x64
		{9C4C1B30-53E5-3A00-8ED8-1533A5902D94}.Release|x64.ActiveCfg = Release|x64
		{9C4C1B30-53E5-3A00-8ED8-1533A5902D94}.Release|x64.Build.0 = Release|x64
		{9C4C1B30-53E5-3A00-8ED8-1533A5902D94}.MinSizeRel|x64.ActiveCfg = MinSizeRel|x64
		{9C4C1B30-53E5-3A00-8ED8-1533A5902D94}.MinSizeRel|x64.Build.0 = MinSizeRel|x64
		{9C4C1B30-53E5-3A00-8ED8-1533A5902D94}.RelWithDebInfo|x64.ActiveCfg = RelWithDebInfo|x64
		{9C4C1B30-53E5-3A00-8ED8-1533A5902D94}.RelWithDebInfo|x64.Build.0 = RelWithDebInfo|x64
		{790B187F-F46D-37C5-8B97-4CBC96E8A51C}.Debug|x64.ActiveCfg = Debug|x64
		{790B187F-F46D-37C5-8B97-4CBC96E8A51C}.Debug|x64.Build.0 = Debug|x64
		{790B187F-F46D-37C5-8B97-4CBC96E8A51C}.Release|x64.ActiveCfg = Release|x64
		{790B187F-F46D-37C5-8B97-4CBC96E8A51C}.Release|x64.Build.0 = Release|x64
		{790B187F-F46D-37C5-8B97-4CBC96E8A51C}.MinSizeRel|x64.ActiveCfg = MinSizeRel|x64
		{790B187F-F46D-37C5-8B97-4CBC96E8A51C}.MinSizeRel|x64.Build.0 = MinSizeRel|x64
		{790B187F-F46D-37C5-8B97-4CBC96E8A51C}.RelWithDebInfo|x64.ActiveCfg = RelWithDebInfo|x64
		{790B187F-F46D-37C5-8B97-4CBC96E8A51C}.RelWithDebInfo|x64.Build.0 = RelWithDebInfo|x64
		{5D35E48F-4379-33B0-8E7E-D994DCDE6398}.Debug|x64.ActiveCfg = Debug|x64
		{5D35E48F-4379-33B0-8E7E-D994DCDE6398}.Debug|x64.Build.0 = Debug|x64
		{5D35E48F-4379-33B0-8E7E-D994DCDE6398}.Release|x64.ActiveCfg = Release|x64
		{5D35E48F-4379-33B0-8E7E-D994DCDE6398}.Release|x64.Build.0 = Release|x64
		{5D35E48F-4379-33B0-8E7E-D994DCDE6398}.MinSizeRel|x64.ActiveCfg = MinSizeRel|x64
		{5D35E48F-4379-33B0-8E7E-D994DCDE6398}.MinSizeRel|x64.Build.0 = MinSizeRel|x64
		{5D35E48F-4379-33B0-8E7E-D994DCDE6398}.RelWithDebInfo|x64.ActiveCfg = RelWithDebInfo|x64
		{5D35E48F-4379-33B0-8E7E-D994DCDE6398}.RelWithDebInfo|x64.Build.0 = RelWithDebInfo|x64
		{CC91A3CE-B59B-3581-862B-43BD10C1FE77}.Debug|x64.ActiveCfg = Debug|x64
		{CC91A3CE-B59B-3581-862B-43BD10C1FE77}.Debug|x64.Build.0 = Debug|x64
		{CC91A3CE-B59B-3581-862B-43BD10C1FE77}.Release|x64.ActiveCfg = Release|x64
		{CC91A3CE-B59B-3581-862B-43BD10C1FE77}.Release|x64.Build.0 = Release|x64
		{CC91A3CE-B59B-3581-862B-43BD10C1FE77}.MinSizeRel|x64.ActiveCfg = MinSizeRel|x64
		{CC91A3CE-B59B-3581-862B-43BD10C1FE77}.MinSizeRel|x64.Build.0 = MinSizeRel|x64
		{CC91A3CE-B59B-3581-862B-43BD10C1FE77}.RelWithDebInfo|x64.ActiveCfg = RelWithDebInfo|x64
		{CC91A3CE-B59B-3581-862B-43BD10C1FE77}.RelWithDebInfo|x64.Build.0 = RelWithDebInfo|x64
		{5D91CB7F-14F9-3D5C-A0D2-B6C6899F48A1}.Debug|x64.ActiveCfg = Debug|x64
		{5D91CB7F-14F9-3D5C-A0D2-B6C6899F48A1}.Debug|x64.Build.0 = Debug|x64
		{5D91CB7F-14F9-3D5C-A0D2-B6C6899F48A1}.Release|x64.ActiveCfg = Release|x64
		{5D91CB7F-14F9-3D5C-A0D2-B6C6899F48A1}.Release|x64.Build.0 = Release|x64
		{5D91CB7F-14F9-3D5C-A0D2-B6C6899F48A1}.MinSizeRel|x64.ActiveCfg = MinSizeRel|x64
		{5D91CB7F-14F9-3D5C-A0D2-B6C6899F48A1}.MinSizeRel|x64.Build.0 = MinSizeRel|x64
		{5D91CB7F-14F9-3D5C-A0D2-B6C6899F48A1}.RelWithDebInfo|x64.ActiveCfg = RelWithDebInfo|x64
		{5D91CB7F-14F9-3D5C-A0D2-B6C6899F48A1}.RelWithDebInfo|x64.Build.0 = RelWithDebInfo|x64
		{067A8F61-9F41-36DF-B4C6-38EDE2BBEB5B}.Debug|x64.ActiveCfg = Debug|x64
		{067A8F61-9F41-36DF-B4C6-38EDE2BBEB5B}.Debug|x64.Build.0 = Debug|x64
		{067A8F61-9F41-36DF-B4C6-38EDE2BBEB5B}.Release|x64.ActiveCfg = Release|x64
		{067A8F61-9F41-36DF-B4C6-38EDE2BBEB5B}.Release|x64.Build.0 = Release|x64
		{067A8F61-9F41-36DF-B4C6-38EDE2BBEB5B}.MinSizeRel|x64.ActiveCfg = MinSizeRel|x64
		{067A8F61-9F41-36DF-B4C6-38EDE2BBEB5B}.MinSizeRel|x64.Build.0 = MinSizeRel|x64
		{067A8F61-9F41-36DF-B4C6-38EDE2BBEB5B}.RelWithDebInfo|x64.ActiveCfg = RelWithDebInfo|x64
		{067A8F61-9F41-36DF-B4C6-38EDE2BBEB5B}.RelWithDebInfo|x64.Build.0 = RelWithDebInfo|x64
		{4F05A34D-AA39-3BFD-810B-60810E480223}.Debug|x64.ActiveCfg = Debug|x64
		{4F05A34D-AA39-3BFD-810B-60810E480223}.Debug|x64.Build.0 = Debug|x64
		{4F05A34D-AA39-3BFD-810B-60810E480223}.Release|x64.ActiveCfg = Release|x64
		{4F05A34D-AA39-3BFD-810B-60810E480223}.Release|x64.Build.0 = Release|x64
		{4F05A34D-AA39-3BFD-810B-60810E480223}.MinSizeRel|x64.ActiveCfg = MinSizeRel|x64
		{4F05A34D-AA39-3BFD-810B-60810E480223}.MinSizeRel|x64.Build.0 = MinSizeRel|x64
		{4F05A34D-AA39-3BFD-810B-60810E480223}.RelWithDebInfo|x64.ActiveCfg = RelWithDebInfo|x64
		{4F05A34D-AA39-3BFD-810B-60810E480223}.RelWithDebInfo|x64.Build.0 = RelWithDebInfo|x64
		{39FCCCC5-92A7-33C1-A64B-C80747673042}.Debug|x64.ActiveCfg = Debug|x64
		{39FCCCC5-92A7-33C1-A64B-C80747673042}.Debug|x64.Build.0 = Debug|x64
		{39FCCCC5-92A7-33C1-A64B-C80747673042}.Release|x64.ActiveCfg = Release|x64
		{39FCCCC5-92A7-33C1-A64B-C80747673042}.Release|x64.Build.0 = Release|x64
		{39FCCCC5-92A7-33C1-A64B-C80747673042}.MinSizeRel|x64.ActiveCfg = MinSizeRel|x64
		{39FCCCC5-92A7-33C1-A64B-C80747673042}.MinSizeRel|x64.Build.0 = MinSizeRel|x64
		{39FCCCC5-92A7-33C1-A64B-C80747673042}.RelWithDebInfo|x64.ActiveCfg = RelWithDebInfo|x64
		{39FCCCC5-92A7-33C1-A64B-C80747673042}.RelWithDebInfo|x64.Build.0 = RelWithDebInfo|x64
		{E865EA9F-AB08-37C3-A740-F4173EB849E2}.Debug|x64.ActiveCfg = Debug|x64
		{E865EA9F-AB08-37C3-A740-F4173EB849E2}.Debug|x64.Build.0 = Debug|x64
		{E865EA9F-AB08-37C3-A740-F4173EB849E2}.Release|x64.ActiveCfg = Release|x64
		{E865EA9F-AB08-37C3-A740-F4173EB849E2}.Release|x64.Build.0 = Release|x64
		{E865EA9F-AB08-37C3-A740-F4173EB849E2}.MinSizeRel|x64.ActiveCfg = MinSizeRel|x64
		{E865EA9F-AB08-37C3-A740-F4173EB849E2}.MinSizeRel|x64.Build.0 = MinSizeRel|x64
		{E865EA9F-AB08-37C3-A740-F4173EB849E2}.RelWithDebInfo|x64.ActiveCfg = RelWithDebInfo|x64
		{E865EA9F-AB08-37C3-A740-F4173EB849E2}.RelWithDebInfo|x64.Build.0 = RelWithDebInfo|x64
		{FA0F4668-2713-322E-8421-A4086E818101}.Debug|x64.ActiveCfg = Debug|x64
		{FA0F4668-2713-322E-8421-A4086E818101}.Debug|x64.Build.0 = Debug|x64
		{FA0F4668-2713-322E-8421-A4086E818101}.Release|x64.ActiveCfg = Release|x64
		{FA0F4668-2713-322E-8421-A4086E818101}.Release|x64.Build.0 = Release|x64
		{FA0F4668-2713-322E-8421-A4086E818101}.MinSizeRel|x64.ActiveCfg = MinSizeRel|x64
		{FA0F4668-2713-322E-8421-A4086E818101}.MinSizeRel|x64.Build.0 = MinSizeRel|x64
		{FA0F4668-2713-322E-8421-A4086E818101}.RelWithDebInfo|x64.ActiveCfg = RelWithDebInfo|x64
		{FA0F4668-2713-322E-8421-A4086E818101}.RelWithDebInfo|x64.Build.0 = RelWithDebInfo|x64
		{4A0B1455-BA24-35D8-A5A5-277E0DBB34F4}.Debug|x64.ActiveCfg = Debug|x64
		{4A0B1455-BA24-35D8-A5A5-277E0DBB34F4}.Debug|x64.Build.0 = Debug|x64
		{4A0B1455-BA24-35D8-A5A5-277E0DBB34F4}.Release|x64.ActiveCfg = Release|x64
		{4A0B1455-BA24-35D8-A5A5-277E0DBB34F4}.Release|x64.Build.0 = Release|x64
		{4A0B1455-BA24-35D8-A5A5-277E0DBB34F4}.MinSizeRel|x64.ActiveCfg = MinSizeRel|x64
		{4A0B1455-BA24-35D8-A5A5-277E0DBB34F4}.MinSizeRel|x64.Build.0 = MinSizeRel|x64
		{4A0B1455-BA24-35D8-A5A5-277E0DBB34F4}.RelWithDebInfo|x64.ActiveCfg = RelWithDebInfo|x64
		{4A0B1455-BA24-35D8-A5A5-277E0DBB34F4}.RelWithDebInfo|x64.Build.0 = RelWithDebInfo|x64
	EndGlobalSection
	GlobalSection(NestedProjects) = preSolution
		{4354C19D-DAF4-3ECE-8BE0-D22BA79DB9D2} = {A9025763-E9F4-3041-9032-009A8E1DA74E}
		{55B6A26D-896F-3A16-A48C-3927885CA71C} = {A9025763-E9F4-3041-9032-009A8E1DA74E}
		{9C4C1B30-53E5-3A00-8ED8-1533A5902D94} = {FAE8DFAF-34BB-352F-84EF-F1CCDA99F010}
		{790B187F-F46D-37C5-8B97-4CBC96E8A51C} = {FAE8DFAF-34BB-352F-84EF-F1CCDA99F010}
		{5D35E48F-4379-33B0-8E7E-D994DCDE6398} = {FAE8DFAF-34BB-352F-84EF-F1CCDA99F010}
		{CC91A3CE-B59B-3581-862B-43BD10C1FE77} = {FAE8DFAF-34BB-352F-84EF-F1CCDA99F010}
		{5D91CB7F-14F9-3D5C-A0D2-B6C6899F48A1} = {FAE8DFAF-34BB-352F-84EF-F1CCDA99F010}
		{067A8F61-9F41-36DF-B4C6-38EDE2BBEB5B} = {FAE8DFAF-34BB-352F-84EF-F1CCDA99F010}
		{4F05A34D-AA39-3BFD-810B-60810E480223} = {FAE8DFAF-34BB-352F-84EF-F1CCDA99F010}
		{39FCCCC5-92A7-33C1-A64B-C80747673042} = {FAE8DFAF-34BB-352F-84EF-F1CCDA99F010}
		{E865EA9F-AB08-37C3-A740-F4173EB849E2} = {FAE8DFAF-34BB-352F-84EF-F1CCDA99F010}
		{FA0F4668-2713-322E-8421-A4086E818101} = {FAE8DFAF-34BB-352F-84EF-F1CCDA99F010}
		{4A0B1455-BA24-35D8-A5A5-277E0DBB34F4} = {FAE8DFAF-34BB-352F-84EF-F1CCDA99F010}
		{4E657552-DCBD-3F45-BE26-2EB5406454B1} = {D918BB89-E73D-3587-ADB1-94B3E11DEBE3}
		{45571BF7-C494-3BED-ADB8-1AB78697C705} = {45D34D23-3C62-3487-AF20-B4E9863DF35D}
	EndGlobalSection
	GlobalSection(ExtensibilityGlobals) = postSolution
		SolutionGuid = {10E8D974-C5B4-399D-A2B3-EB439267DC6F}
	EndGlobalSection
	GlobalSection(ExtensibilityAddIns) = postSolution
	EndGlobalSection
EndGlobal
