
Microsoft Visual Studio Solution File, Format Version 12.00
# Visual Studio Version 17
Project("{2150E333-8FDC-42A3-9474-1A3956D46DE8}") = "CMakePredefinedTargets", "CMakePredefinedTargets", "{E39F9580-88C8-335F-A858-7AE6FFE16D14}"
EndProject
Project("{2150E333-8FDC-42A3-9474-1A3956D46DE8}") = "External", "External", "{9609F519-C50C-3D9B-8429-5E6EFB10C4B1}"
EndProject
Project("{2150E333-8FDC-42A3-9474-1A3956D46DE8}") = "Internal", "Internal", "{1858FDDA-312D-3F32-AD70-2733BA82EAAC}"
EndProject
Project("{2150E333-8FDC-42A3-9474-1A3956D46DE8}") = "Utils", "Utils", "{56603FCE-9B05-3B3C-9400-68B748946D26}"
EndProject
Project("{8BC9CEB8-8B4A-11D0-8D11-00A0C91BC942}") = "ALL_BUILD", "ALL_BUILD.vcxproj", "{274434C5-EB03-3312-9C7B-335E268CF1FB}"
	ProjectSection(ProjectDependencies) = postProject
		{94164437-F2CA-3F1B-BE10-DC625C8B59DE} = {94164437-F2CA-3F1B-BE10-DC625C8B59DE}
		{F3FE19F1-CEF3-3E6B-8D18-3234F1722F1F} = {F3FE19F1-CEF3-3E6B-8D18-3234F1722F1F}
		{8EBD89C0-7AF9-3963-89E1-E1D908982BCF} = {8EBD89C0-7AF9-3963-89E1-E1D908982BCF}
		{A5970896-8F47-3177-BDAB-A554E1AB45E0} = {A5970896-8F47-3177-BDAB-A554E1AB45E0}
		{AED1D102-C3CC-3321-87C9-4927A4B6D796} = {AED1D102-C3CC-3321-87C9-4927A4B6D796}
		{EFF54C5E-ABF5-3FC2-BAB7-E86F35AACC74} = {EFF54C5E-ABF5-3FC2-BAB7-E86F35AACC74}
		{ED97BB3D-6C50-36E4-B91C-C917F332C663} = {ED97BB3D-6C50-36E4-B91C-C917F332C663}
		{7EDE9414-341A-3483-9362-8431611DEDC1} = {7EDE9414-341A-3483-9362-8431611DEDC1}
		{D6391741-56DF-33A3-B468-51A7D444E5A5} = {D6391741-56DF-33A3-B468-51A7D444E5A5}
		{919ABDA9-EB03-309C-950A-93ACFE1B3F38} = {919ABDA9-EB03-309C-950A-93ACFE1B3F38}
		{9EA7BC2A-0158-38CE-AEAB-26753BA9A406} = {9EA7BC2A-0158-38CE-AEAB-26753BA9A406}
		{6B8BBABE-54FE-3FFE-9847-067FCD678B81} = {6B8BBABE-54FE-3FFE-9847-067FCD678B81}
		{66B70575-26CF-3BF4-9041-00F003C30ABA} = {66B70575-26CF-3BF4-9041-00F003C30ABA}
		{249F39FA-486C-3854-8091-6BE474E5B948} = {249F39FA-486C-3854-8091-6BE474E5B948}
		{C645A5B7-A469-3625-B240-B42DD237EB9C} = {C645A5B7-A469-3625-B240-B42DD237EB9C}
	EndProjectSection
EndProject
Project("{8BC9CEB8-8B4A-11D0-8D11-00A0C91BC942}") = "MyGame", "MyGame.vcxproj", "{94164437-F2CA-3F1B-BE10-DC625C8B59DE}"
	ProjectSection(ProjectDependencies) = postProject
		{F3FE19F1-CEF3-3E6B-8D18-3234F1722F1F} = {F3FE19F1-CEF3-3E6B-8D18-3234F1722F1F}
		{8EBD89C0-7AF9-3963-89E1-E1D908982BCF} = {8EBD89C0-7AF9-3963-89E1-E1D908982BCF}
		{A5970896-8F47-3177-BDAB-A554E1AB45E0} = {A5970896-8F47-3177-BDAB-A554E1AB45E0}
		{AED1D102-C3CC-3321-87C9-4927A4B6D796} = {AED1D102-C3CC-3321-87C9-4927A4B6D796}
		{EFF54C5E-ABF5-3FC2-BAB7-E86F35AACC74} = {EFF54C5E-ABF5-3FC2-BAB7-E86F35AACC74}
		{ED97BB3D-6C50-36E4-B91C-C917F332C663} = {ED97BB3D-6C50-36E4-B91C-C917F332C663}
		{7EDE9414-341A-3483-9362-8431611DEDC1} = {7EDE9414-341A-3483-9362-8431611DEDC1}
		{D6391741-56DF-33A3-B468-51A7D444E5A5} = {D6391741-56DF-33A3-B468-51A7D444E5A5}
		{919ABDA9-EB03-309C-950A-93ACFE1B3F38} = {919ABDA9-EB03-309C-950A-93ACFE1B3F38}
		{9EA7BC2A-0158-38CE-AEAB-26753BA9A406} = {9EA7BC2A-0158-38CE-AEAB-26753BA9A406}
		{6B8BBABE-54FE-3FFE-9847-067FCD678B81} = {6B8BBABE-54FE-3FFE-9847-067FCD678B81}
		{66B70575-26CF-3BF4-9041-00F003C30ABA} = {66B70575-26CF-3BF4-9041-00F003C30ABA}
		{249F39FA-486C-3854-8091-6BE474E5B948} = {249F39FA-486C-3854-8091-6BE474E5B948}
		{C645A5B7-A469-3625-B240-B42DD237EB9C} = {C645A5B7-A469-3625-B240-B42DD237EB9C}
	EndProjectSection
EndProject
Project("{8BC9CEB8-8B4A-11D0-8D11-00A0C91BC942}") = "SYNC_RESOURCE-MyGame", "SYNC_RESOURCE-MyGame.vcxproj", "{F3FE19F1-CEF3-3E6B-8D18-3234F1722F1F}"
	ProjectSection(ProjectDependencies) = postProject
		{8EBD89C0-7AF9-3963-89E1-E1D908982BCF} = {8EBD89C0-7AF9-3963-89E1-E1D908982BCF}
	EndProjectSection
EndProject
Project("{8BC9CEB8-8B4A-11D0-8D11-00A0C91BC942}") = "ZERO_CHECK", "ZERO_CHECK.vcxproj", "{8EBD89C0-7AF9-3963-89E1-E1D908982BCF}"
	ProjectSection(ProjectDependencies) = postProject
	EndProjectSection
EndProject
Project("{8BC9CEB8-8B4A-11D0-8D11-00A0C91BC942}") = "cocos2d", "engine\cocos\core\cocos2d.vcxproj", "{A5970896-8F47-3177-BDAB-A554E1AB45E0}"
	ProjectSection(ProjectDependencies) = postProject
		{8EBD89C0-7AF9-3963-89E1-E1D908982BCF} = {8EBD89C0-7AF9-3963-89E1-E1D908982BCF}
		{AED1D102-C3CC-3321-87C9-4927A4B6D796} = {AED1D102-C3CC-3321-87C9-4927A4B6D796}
		{EFF54C5E-ABF5-3FC2-BAB7-E86F35AACC74} = {EFF54C5E-ABF5-3FC2-BAB7-E86F35AACC74}
		{ED97BB3D-6C50-36E4-B91C-C917F332C663} = {ED97BB3D-6C50-36E4-B91C-C917F332C663}
		{7EDE9414-341A-3483-9362-8431611DEDC1} = {7EDE9414-341A-3483-9362-8431611DEDC1}
		{D6391741-56DF-33A3-B468-51A7D444E5A5} = {D6391741-56DF-33A3-B468-51A7D444E5A5}
		{919ABDA9-EB03-309C-950A-93ACFE1B3F38} = {919ABDA9-EB03-309C-950A-93ACFE1B3F38}
		{9EA7BC2A-0158-38CE-AEAB-26753BA9A406} = {9EA7BC2A-0158-38CE-AEAB-26753BA9A406}
		{6B8BBABE-54FE-3FFE-9847-067FCD678B81} = {6B8BBABE-54FE-3FFE-9847-067FCD678B81}
		{66B70575-26CF-3BF4-9041-00F003C30ABA} = {66B70575-26CF-3BF4-9041-00F003C30ABA}
		{249F39FA-486C-3854-8091-6BE474E5B948} = {249F39FA-486C-3854-8091-6BE474E5B948}
		{C645A5B7-A469-3625-B240-B42DD237EB9C} = {C645A5B7-A469-3625-B240-B42DD237EB9C}
	EndProjectSection
EndProject
Project("{8BC9CEB8-8B4A-11D0-8D11-00A0C91BC942}") = "ext_clipper", "engine\external\clipper\ext_clipper.vcxproj", "{AED1D102-C3CC-3321-87C9-4927A4B6D796}"
	ProjectSection(ProjectDependencies) = postProject
		{8EBD89C0-7AF9-3963-89E1-E1D908982BCF} = {8EBD89C0-7AF9-3963-89E1-E1D908982BCF}
	EndProjectSection
EndProject
Project("{8BC9CEB8-8B4A-11D0-8D11-00A0C91BC942}") = "ext_convertUTF", "engine\external\ConvertUTF\ext_convertUTF.vcxproj", "{EFF54C5E-ABF5-3FC2-BAB7-E86F35AACC74}"
	ProjectSection(ProjectDependencies) = postProject
		{8EBD89C0-7AF9-3963-89E1-E1D908982BCF} = {8EBD89C0-7AF9-3963-89E1-E1D908982BCF}
	EndProjectSection
EndProject
Project("{8BC9CEB8-8B4A-11D0-8D11-00A0C91BC942}") = "ext_edtaa3func", "engine\external\edtaa3func\ext_edtaa3func.vcxproj", "{ED97BB3D-6C50-36E4-B91C-C917F332C663}"
	ProjectSection(ProjectDependencies) = postProject
		{8EBD89C0-7AF9-3963-89E1-E1D908982BCF} = {8EBD89C0-7AF9-3963-89E1-E1D908982BCF}
	EndProjectSection
EndProject
Project("{8BC9CEB8-8B4A-11D0-8D11-00A0C91BC942}") = "ext_md5", "engine\external\md5\ext_md5.vcxproj", "{7EDE9414-341A-3483-9362-8431611DEDC1}"
	ProjectSection(ProjectDependencies) = postProject
		{8EBD89C0-7AF9-3963-89E1-E1D908982BCF} = {8EBD89C0-7AF9-3963-89E1-E1D908982BCF}
	EndProjectSection
EndProject
Project("{8BC9CEB8-8B4A-11D0-8D11-00A0C91BC942}") = "ext_poly2tri", "engine\external\poly2tri\ext_poly2tri.vcxproj", "{D6391741-56DF-33A3-B468-51A7D444E5A5}"
	ProjectSection(ProjectDependencies) = postProject
		{8EBD89C0-7AF9-3963-89E1-E1D908982BCF} = {8EBD89C0-7AF9-3963-89E1-E1D908982BCF}
	EndProjectSection
EndProject
Project("{8BC9CEB8-8B4A-11D0-8D11-00A0C91BC942}") = "ext_recast", "engine\external\recast\ext_recast.vcxproj", "{919ABDA9-EB03-309C-950A-93ACFE1B3F38}"
	ProjectSection(ProjectDependencies) = postProject
		{8EBD89C0-7AF9-3963-89E1-E1D908982BCF} = {8EBD89C0-7AF9-3963-89E1-E1D908982BCF}
	EndProjectSection
EndProject
Project("{8BC9CEB8-8B4A-11D0-8D11-00A0C91BC942}") = "ext_tinyxml2", "engine\external\tinyxml2\ext_tinyxml2.vcxproj", "{9EA7BC2A-0158-38CE-AEAB-26753BA9A406}"
	ProjectSection(ProjectDependencies) = postProject
		{8EBD89C0-7AF9-3963-89E1-E1D908982BCF} = {8EBD89C0-7AF9-3963-89E1-E1D908982BCF}
	EndProjectSection
EndProject
Project("{8BC9CEB8-8B4A-11D0-8D11-00A0C91BC942}") = "ext_unzip", "engine\external\unzip\ext_unzip.vcxproj", "{6B8BBABE-54FE-3FFE-9847-067FCD678B81}"
	ProjectSection(ProjectDependencies) = postProject
		{8EBD89C0-7AF9-3963-89E1-E1D908982BCF} = {8EBD89C0-7AF9-3963-89E1-E1D908982BCF}
	EndProjectSection
EndProject
Project("{8BC9CEB8-8B4A-11D0-8D11-00A0C91BC942}") = "ext_xxhash", "engine\external\xxhash\ext_xxhash.vcxproj", "{66B70575-26CF-3BF4-9041-00F003C30ABA}"
	ProjectSection(ProjectDependencies) = postProject
		{8EBD89C0-7AF9-3963-89E1-E1D908982BCF} = {8EBD89C0-7AF9-3963-89E1-E1D908982BCF}
	EndProjectSection
EndProject
Project("{8BC9CEB8-8B4A-11D0-8D11-00A0C91BC942}") = "ext_xxtea", "engine\external\xxtea\ext_xxtea.vcxproj", "{249F39FA-486C-3854-8091-6BE474E5B948}"
	ProjectSection(ProjectDependencies) = postProject
		{8EBD89C0-7AF9-3963-89E1-E1D908982BCF} = {8EBD89C0-7AF9-3963-89E1-E1D908982BCF}
	EndProjectSection
EndProject
Project("{8BC9CEB8-8B4A-11D0-8D11-00A0C91BC942}") = "external", "engine\external\external.vcxproj", "{C645A5B7-A469-3625-B240-B42DD237EB9C}"
	ProjectSection(ProjectDependencies) = postProject
		{8EBD89C0-7AF9-3963-89E1-E1D908982BCF} = {8EBD89C0-7AF9-3963-89E1-E1D908982BCF}
		{AED1D102-C3CC-3321-87C9-4927A4B6D796} = {AED1D102-C3CC-3321-87C9-4927A4B6D796}
		{EFF54C5E-ABF5-3FC2-BAB7-E86F35AACC74} = {EFF54C5E-ABF5-3FC2-BAB7-E86F35AACC74}
		{ED97BB3D-6C50-36E4-B91C-C917F332C663} = {ED97BB3D-6C50-36E4-B91C-C917F332C663}
		{7EDE9414-341A-3483-9362-8431611DEDC1} = {7EDE9414-341A-3483-9362-8431611DEDC1}
		{D6391741-56DF-33A3-B468-51A7D444E5A5} = {D6391741-56DF-33A3-B468-51A7D444E5A5}
		{919ABDA9-EB03-309C-950A-93ACFE1B3F38} = {919ABDA9-EB03-309C-950A-93ACFE1B3F38}
		{9EA7BC2A-0158-38CE-AEAB-26753BA9A406} = {9EA7BC2A-0158-38CE-AEAB-26753BA9A406}
		{6B8BBABE-54FE-3FFE-9847-067FCD678B81} = {6B8BBABE-54FE-3FFE-9847-067FCD678B81}
		{66B70575-26CF-3BF4-9041-00F003C30ABA} = {66B70575-26CF-3BF4-9041-00F003C30ABA}
		{249F39FA-486C-3854-8091-6BE474E5B948} = {249F39FA-486C-3854-8091-6BE474E5B948}
	EndProjectSection
EndProject
Global
	GlobalSection(SolutionConfigurationPlatforms) = preSolution
		Debug|x64 = Debug|x64
		Release|x64 = Release|x64
		MinSizeRel|x64 = MinSizeRel|x64
		RelWithDebInfo|x64 = RelWithDebInfo|x64
	EndGlobalSection
	GlobalSection(ProjectConfigurationPlatforms) = postSolution
		{274434C5-EB03-3312-9C7B-335E268CF1FB}.Debug|x64.ActiveCfg = Debug|x64
		{274434C5-EB03-3312-9C7B-335E268CF1FB}.Release|x64.ActiveCfg = Release|x64
		{274434C5-EB03-3312-9C7B-335E268CF1FB}.MinSizeRel|x64.ActiveCfg = MinSizeRel|x64
		{274434C5-EB03-3312-9C7B-335E268CF1FB}.RelWithDebInfo|x64.ActiveCfg = RelWithDebInfo|x64
		{94164437-F2CA-3F1B-BE10-DC625C8B59DE}.Debug|x64.ActiveCfg = Debug|x64
		{94164437-F2CA-3F1B-BE10-DC625C8B59DE}.Debug|x64.Build.0 = Debug|x64
		{94164437-F2CA-3F1B-BE10-DC625C8B59DE}.Release|x64.ActiveCfg = Release|x64
		{94164437-F2CA-3F1B-BE10-DC625C8B59DE}.Release|x64.Build.0 = Release|x64
		{94164437-F2CA-3F1B-BE10-DC625C8B59DE}.MinSizeRel|x64.ActiveCfg = MinSizeRel|x64
		{94164437-F2CA-3F1B-BE10-DC625C8B59DE}.MinSizeRel|x64.Build.0 = MinSizeRel|x64
		{94164437-F2CA-3F1B-BE10-DC625C8B59DE}.RelWithDebInfo|x64.ActiveCfg = RelWithDebInfo|x64
		{94164437-F2CA-3F1B-BE10-DC625C8B59DE}.RelWithDebInfo|x64.Build.0 = RelWithDebInfo|x64
		{F3FE19F1-CEF3-3E6B-8D18-3234F1722F1F}.Debug|x64.ActiveCfg = Debug|x64
		{F3FE19F1-CEF3-3E6B-8D18-3234F1722F1F}.Debug|x64.Build.0 = Debug|x64
		{F3FE19F1-CEF3-3E6B-8D18-3234F1722F1F}.Release|x64.ActiveCfg = Release|x64
		{F3FE19F1-CEF3-3E6B-8D18-3234F1722F1F}.Release|x64.Build.0 = Release|x64
		{F3FE19F1-CEF3-3E6B-8D18-3234F1722F1F}.MinSizeRel|x64.ActiveCfg = MinSizeRel|x64
		{F3FE19F1-CEF3-3E6B-8D18-3234F1722F1F}.MinSizeRel|x64.Build.0 = MinSizeRel|x64
		{F3FE19F1-CEF3-3E6B-8D18-3234F1722F1F}.RelWithDebInfo|x64.ActiveCfg = RelWithDebInfo|x64
		{F3FE19F1-CEF3-3E6B-8D18-3234F1722F1F}.RelWithDebInfo|x64.Build.0 = RelWithDebInfo|x64
		{8EBD89C0-7AF9-3963-89E1-E1D908982BCF}.Debug|x64.ActiveCfg = Debug|x64
		{8EBD89C0-7AF9-3963-89E1-E1D908982BCF}.Debug|x64.Build.0 = Debug|x64
		{8EBD89C0-7AF9-3963-89E1-E1D908982BCF}.Release|x64.ActiveCfg = Release|x64
		{8EBD89C0-7AF9-3963-89E1-E1D908982BCF}.Release|x64.Build.0 = Release|x64
		{8EBD89C0-7AF9-3963-89E1-E1D908982BCF}.MinSizeRel|x64.ActiveCfg = MinSizeRel|x64
		{8EBD89C0-7AF9-3963-89E1-E1D908982BCF}.MinSizeRel|x64.Build.0 = MinSizeRel|x64
		{8EBD89C0-7AF9-3963-89E1-E1D908982BCF}.RelWithDebInfo|x64.ActiveCfg = RelWithDebInfo|x64
		{8EBD89C0-7AF9-3963-89E1-E1D908982BCF}.RelWithDebInfo|x64.Build.0 = RelWithDebInfo|x64
		{A5970896-8F47-3177-BDAB-A554E1AB45E0}.Debug|x64.ActiveCfg = Debug|x64
		{A5970896-8F47-3177-BDAB-A554E1AB45E0}.Debug|x64.Build.0 = Debug|x64
		{A5970896-8F47-3177-BDAB-A554E1AB45E0}.Release|x64.ActiveCfg = Release|x64
		{A5970896-8F47-3177-BDAB-A554E1AB45E0}.Release|x64.Build.0 = Release|x64
		{A5970896-8F47-3177-BDAB-A554E1AB45E0}.MinSizeRel|x64.ActiveCfg = MinSizeRel|x64
		{A5970896-8F47-3177-BDAB-A554E1AB45E0}.MinSizeRel|x64.Build.0 = MinSizeRel|x64
		{A5970896-8F47-3177-BDAB-A554E1AB45E0}.RelWithDebInfo|x64.ActiveCfg = RelWithDebInfo|x64
		{A5970896-8F47-3177-BDAB-A554E1AB45E0}.RelWithDebInfo|x64.Build.0 = RelWithDebInfo|x64
		{AED1D102-C3CC-3321-87C9-4927A4B6D796}.Debug|x64.ActiveCfg = Debug|x64
		{AED1D102-C3CC-3321-87C9-4927A4B6D796}.Debug|x64.Build.0 = Debug|x64
		{AED1D102-C3CC-3321-87C9-4927A4B6D796}.Release|x64.ActiveCfg = Release|x64
		{AED1D102-C3CC-3321-87C9-4927A4B6D796}.Release|x64.Build.0 = Release|x64
		{AED1D102-C3CC-3321-87C9-4927A4B6D796}.MinSizeRel|x64.ActiveCfg = MinSizeRel|x64
		{AED1D102-C3CC-3321-87C9-4927A4B6D796}.MinSizeRel|x64.Build.0 = MinSizeRel|x64
		{AED1D102-C3CC-3321-87C9-4927A4B6D796}.RelWithDebInfo|x64.ActiveCfg = RelWithDebInfo|x64
		{AED1D102-C3CC-3321-87C9-4927A4B6D796}.RelWithDebInfo|x64.Build.0 = RelWithDebInfo|x64
		{EFF54C5E-ABF5-3FC2-BAB7-E86F35AACC74}.Debug|x64.ActiveCfg = Debug|x64
		{EFF54C5E-ABF5-3FC2-BAB7-E86F35AACC74}.Debug|x64.Build.0 = Debug|x64
		{EFF54C5E-ABF5-3FC2-BAB7-E86F35AACC74}.Release|x64.ActiveCfg = Release|x64
		{EFF54C5E-ABF5-3FC2-BAB7-E86F35AACC74}.Release|x64.Build.0 = Release|x64
		{EFF54C5E-ABF5-3FC2-BAB7-E86F35AACC74}.MinSizeRel|x64.ActiveCfg = MinSizeRel|x64
		{EFF54C5E-ABF5-3FC2-BAB7-E86F35AACC74}.MinSizeRel|x64.Build.0 = MinSizeRel|x64
		{EFF54C5E-ABF5-3FC2-BAB7-E86F35AACC74}.RelWithDebInfo|x64.ActiveCfg = RelWithDebInfo|x64
		{EFF54C5E-ABF5-3FC2-BAB7-E86F35AACC74}.RelWithDebInfo|x64.Build.0 = RelWithDebInfo|x64
		{ED97BB3D-6C50-36E4-B91C-C917F332C663}.Debug|x64.ActiveCfg = Debug|x64
		{ED97BB3D-6C50-36E4-B91C-C917F332C663}.Debug|x64.Build.0 = Debug|x64
		{ED97BB3D-6C50-36E4-B91C-C917F332C663}.Release|x64.ActiveCfg = Release|x64
		{ED97BB3D-6C50-36E4-B91C-C917F332C663}.Release|x64.Build.0 = Release|x64
		{ED97BB3D-6C50-36E4-B91C-C917F332C663}.MinSizeRel|x64.ActiveCfg = MinSizeRel|x64
		{ED97BB3D-6C50-36E4-B91C-C917F332C663}.MinSizeRel|x64.Build.0 = MinSizeRel|x64
		{ED97BB3D-6C50-36E4-B91C-C917F332C663}.RelWithDebInfo|x64.ActiveCfg = RelWithDebInfo|x64
		{ED97BB3D-6C50-36E4-B91C-C917F332C663}.RelWithDebInfo|x64.Build.0 = RelWithDebInfo|x64
		{7EDE9414-341A-3483-9362-8431611DEDC1}.Debug|x64.ActiveCfg = Debug|x64
		{7EDE9414-341A-3483-9362-8431611DEDC1}.Debug|x64.Build.0 = Debug|x64
		{7EDE9414-341A-3483-9362-8431611DEDC1}.Release|x64.ActiveCfg = Release|x64
		{7EDE9414-341A-3483-9362-8431611DEDC1}.Release|x64.Build.0 = Release|x64
		{7EDE9414-341A-3483-9362-8431611DEDC1}.MinSizeRel|x64.ActiveCfg = MinSizeRel|x64
		{7EDE9414-341A-3483-9362-8431611DEDC1}.MinSizeRel|x64.Build.0 = MinSizeRel|x64
		{7EDE9414-341A-3483-9362-8431611DEDC1}.RelWithDebInfo|x64.ActiveCfg = RelWithDebInfo|x64
		{7EDE9414-341A-3483-9362-8431611DEDC1}.RelWithDebInfo|x64.Build.0 = RelWithDebInfo|x64
		{D6391741-56DF-33A3-B468-51A7D444E5A5}.Debug|x64.ActiveCfg = Debug|x64
		{D6391741-56DF-33A3-B468-51A7D444E5A5}.Debug|x64.Build.0 = Debug|x64
		{D6391741-56DF-33A3-B468-51A7D444E5A5}.Release|x64.ActiveCfg = Release|x64
		{D6391741-56DF-33A3-B468-51A7D444E5A5}.Release|x64.Build.0 = Release|x64
		{D6391741-56DF-33A3-B468-51A7D444E5A5}.MinSizeRel|x64.ActiveCfg = MinSizeRel|x64
		{D6391741-56DF-33A3-B468-51A7D444E5A5}.MinSizeRel|x64.Build.0 = MinSizeRel|x64
		{D6391741-56DF-33A3-B468-51A7D444E5A5}.RelWithDebInfo|x64.ActiveCfg = RelWithDebInfo|x64
		{D6391741-56DF-33A3-B468-51A7D444E5A5}.RelWithDebInfo|x64.Build.0 = RelWithDebInfo|x64
		{919ABDA9-EB03-309C-950A-93ACFE1B3F38}.Debug|x64.ActiveCfg = Debug|x64
		{919ABDA9-EB03-309C-950A-93ACFE1B3F38}.Debug|x64.Build.0 = Debug|x64
		{919ABDA9-EB03-309C-950A-93ACFE1B3F38}.Release|x64.ActiveCfg = Release|x64
		{919ABDA9-EB03-309C-950A-93ACFE1B3F38}.Release|x64.Build.0 = Release|x64
		{919ABDA9-EB03-309C-950A-93ACFE1B3F38}.MinSizeRel|x64.ActiveCfg = MinSizeRel|x64
		{919ABDA9-EB03-309C-950A-93ACFE1B3F38}.MinSizeRel|x64.Build.0 = MinSizeRel|x64
		{919ABDA9-EB03-309C-950A-93ACFE1B3F38}.RelWithDebInfo|x64.ActiveCfg = RelWithDebInfo|x64
		{919ABDA9-EB03-309C-950A-93ACFE1B3F38}.RelWithDebInfo|x64.Build.0 = RelWithDebInfo|x64
		{9EA7BC2A-0158-38CE-AEAB-26753BA9A406}.Debug|x64.ActiveCfg = Debug|x64
		{9EA7BC2A-0158-38CE-AEAB-26753BA9A406}.Debug|x64.Build.0 = Debug|x64
		{9EA7BC2A-0158-38CE-AEAB-26753BA9A406}.Release|x64.ActiveCfg = Release|x64
		{9EA7BC2A-0158-38CE-AEAB-26753BA9A406}.Release|x64.Build.0 = Release|x64
		{9EA7BC2A-0158-38CE-AEAB-26753BA9A406}.MinSizeRel|x64.ActiveCfg = MinSizeRel|x64
		{9EA7BC2A-0158-38CE-AEAB-26753BA9A406}.MinSizeRel|x64.Build.0 = MinSizeRel|x64
		{9EA7BC2A-0158-38CE-AEAB-26753BA9A406}.RelWithDebInfo|x64.ActiveCfg = RelWithDebInfo|x64
		{9EA7BC2A-0158-38CE-AEAB-26753BA9A406}.RelWithDebInfo|x64.Build.0 = RelWithDebInfo|x64
		{6B8BBABE-54FE-3FFE-9847-067FCD678B81}.Debug|x64.ActiveCfg = Debug|x64
		{6B8BBABE-54FE-3FFE-9847-067FCD678B81}.Debug|x64.Build.0 = Debug|x64
		{6B8BBABE-54FE-3FFE-9847-067FCD678B81}.Release|x64.ActiveCfg = Release|x64
		{6B8BBABE-54FE-3FFE-9847-067FCD678B81}.Release|x64.Build.0 = Release|x64
		{6B8BBABE-54FE-3FFE-9847-067FCD678B81}.MinSizeRel|x64.ActiveCfg = MinSizeRel|x64
		{6B8BBABE-54FE-3FFE-9847-067FCD678B81}.MinSizeRel|x64.Build.0 = MinSizeRel|x64
		{6B8BBABE-54FE-3FFE-9847-067FCD678B81}.RelWithDebInfo|x64.ActiveCfg = RelWithDebInfo|x64
		{6B8BBABE-54FE-3FFE-9847-067FCD678B81}.RelWithDebInfo|x64.Build.0 = RelWithDebInfo|x64
		{66B70575-26CF-3BF4-9041-00F003C30ABA}.Debug|x64.ActiveCfg = Debug|x64
		{66B70575-26CF-3BF4-9041-00F003C30ABA}.Debug|x64.Build.0 = Debug|x64
		{66B70575-26CF-3BF4-9041-00F003C30ABA}.Release|x64.ActiveCfg = Release|x64
		{66B70575-26CF-3BF4-9041-00F003C30ABA}.Release|x64.Build.0 = Release|x64
		{66B70575-26CF-3BF4-9041-00F003C30ABA}.MinSizeRel|x64.ActiveCfg = MinSizeRel|x64
		{66B70575-26CF-3BF4-9041-00F003C30ABA}.MinSizeRel|x64.Build.0 = MinSizeRel|x64
		{66B70575-26CF-3BF4-9041-00F003C30ABA}.RelWithDebInfo|x64.ActiveCfg = RelWithDebInfo|x64
		{66B70575-26CF-3BF4-9041-00F003C30ABA}.RelWithDebInfo|x64.Build.0 = RelWithDebInfo|x64
		{249F39FA-486C-3854-8091-6BE474E5B948}.Debug|x64.ActiveCfg = Debug|x64
		{249F39FA-486C-3854-8091-6BE474E5B948}.Debug|x64.Build.0 = Debug|x64
		{249F39FA-486C-3854-8091-6BE474E5B948}.Release|x64.ActiveCfg = Release|x64
		{249F39FA-486C-3854-8091-6BE474E5B948}.Release|x64.Build.0 = Release|x64
		{249F39FA-486C-3854-8091-6BE474E5B948}.MinSizeRel|x64.ActiveCfg = MinSizeRel|x64
		{249F39FA-486C-3854-8091-6BE474E5B948}.MinSizeRel|x64.Build.0 = MinSizeRel|x64
		{249F39FA-486C-3854-8091-6BE474E5B948}.RelWithDebInfo|x64.ActiveCfg = RelWithDebInfo|x64
		{249F39FA-486C-3854-8091-6BE474E5B948}.RelWithDebInfo|x64.Build.0 = RelWithDebInfo|x64
		{C645A5B7-A469-3625-B240-B42DD237EB9C}.Debug|x64.ActiveCfg = Debug|x64
		{C645A5B7-A469-3625-B240-B42DD237EB9C}.Debug|x64.Build.0 = Debug|x64
		{C645A5B7-A469-3625-B240-B42DD237EB9C}.Release|x64.ActiveCfg = Release|x64
		{C645A5B7-A469-3625-B240-B42DD237EB9C}.Release|x64.Build.0 = Release|x64
		{C645A5B7-A469-3625-B240-B42DD237EB9C}.MinSizeRel|x64.ActiveCfg = MinSizeRel|x64
		{C645A5B7-A469-3625-B240-B42DD237EB9C}.MinSizeRel|x64.Build.0 = MinSizeRel|x64
		{C645A5B7-A469-3625-B240-B42DD237EB9C}.RelWithDebInfo|x64.ActiveCfg = RelWithDebInfo|x64
		{C645A5B7-A469-3625-B240-B42DD237EB9C}.RelWithDebInfo|x64.Build.0 = RelWithDebInfo|x64
	EndGlobalSection
	GlobalSection(NestedProjects) = preSolution
		{274434C5-EB03-3312-9C7B-335E268CF1FB} = {E39F9580-88C8-335F-A858-7AE6FFE16D14}
		{8EBD89C0-7AF9-3963-89E1-E1D908982BCF} = {E39F9580-88C8-335F-A858-7AE6FFE16D14}
		{AED1D102-C3CC-3321-87C9-4927A4B6D796} = {9609F519-C50C-3D9B-8429-5E6EFB10C4B1}
		{EFF54C5E-ABF5-3FC2-BAB7-E86F35AACC74} = {9609F519-C50C-3D9B-8429-5E6EFB10C4B1}
		{ED97BB3D-6C50-36E4-B91C-C917F332C663} = {9609F519-C50C-3D9B-8429-5E6EFB10C4B1}
		{7EDE9414-341A-3483-9362-8431611DEDC1} = {9609F519-C50C-3D9B-8429-5E6EFB10C4B1}
		{D6391741-56DF-33A3-B468-51A7D444E5A5} = {9609F519-C50C-3D9B-8429-5E6EFB10C4B1}
		{919ABDA9-EB03-309C-950A-93ACFE1B3F38} = {9609F519-C50C-3D9B-8429-5E6EFB10C4B1}
		{9EA7BC2A-0158-38CE-AEAB-26753BA9A406} = {9609F519-C50C-3D9B-8429-5E6EFB10C4B1}
		{6B8BBABE-54FE-3FFE-9847-067FCD678B81} = {9609F519-C50C-3D9B-8429-5E6EFB10C4B1}
		{66B70575-26CF-3BF4-9041-00F003C30ABA} = {9609F519-C50C-3D9B-8429-5E6EFB10C4B1}
		{249F39FA-486C-3854-8091-6BE474E5B948} = {9609F519-C50C-3D9B-8429-5E6EFB10C4B1}
		{C645A5B7-A469-3625-B240-B42DD237EB9C} = {9609F519-C50C-3D9B-8429-5E6EFB10C4B1}
		{A5970896-8F47-3177-BDAB-A554E1AB45E0} = {1858FDDA-312D-3F32-AD70-2733BA82EAAC}
		{F3FE19F1-CEF3-3E6B-8D18-3234F1722F1F} = {56603FCE-9B05-3B3C-9400-68B748946D26}
	EndGlobalSection
	GlobalSection(ExtensibilityGlobals) = postSolution
		SolutionGuid = {C0E83D63-D942-3D2C-8BB3-8FE0578408BC}
	EndGlobalSection
	GlobalSection(ExtensibilityAddIns) = postSolution
	EndGlobalSection
EndGlobal
