<?xml version="1.0" encoding="utf-8"?>
<Project ToolsVersion="17.0" xmlns="http://schemas.microsoft.com/developer/msbuild/2003">
  <ItemGroup>
    <CustomBuild Include="C:\Users\LENOVO\Projects\MyGame\CMakeFiles\b360fd5c1fa512fd1e20caedd8f43989\SYNC_RESOURCE-MyGame.rule">
      <Filter>CMake Rules</Filter>
    </CustomBuild>
    <CustomBuild Include="C:\Users\LENOVO\Projects\MyGame\CMakeLists.txt" />
  </ItemGroup>
  <ItemGroup>
    <None Include="C:\Users\LENOVO\Projects\MyGame\CMakeFiles\SYNC_RESOURCE-MyGame" />
  </ItemGroup>
  <ItemGroup>
    <Filter Include="CMake Rules">
      <UniqueIdentifier>{FF062E9D-59AC-3219-9DD0-AB97B24C8833}</UniqueIdentifier>
    </Filter>
  </ItemGroup>
</Project>
